// !$*UTF8*$!
{
	archiveVersion = 1;
	classes = {
	};
	objectVersion = 56;
	objects = {

/* Begin PBXBuildFile section */
		110CC3452AF3C0630062AB37 /* PostCellCollectionViewCell.swift in Sources */ = {isa = PBXBuildFile; fileRef = 110CC3442AF3C0630062AB37 /* PostCellCollectionViewCell.swift */; };
		110CC3472AF50BF50062AB37 /* gifDescribe.swift in Sources */ = {isa = PBXBuildFile; fileRef = 110CC3462AF50BF50062AB37 /* gifDescribe.swift */; };
		110CC3492AF50EA30062AB37 /* backgroundGif.gif in Resources */ = {isa = PBXBuildFile; fileRef = 110CC3482AF50EA30062AB37 /* backgroundGif.gif */; };
		110CC34B2AF5154A0062AB37 /* облачностьGif.gif in Resources */ = {isa = PBXBuildFile; fileRef = 110CC34A2AF5154A0062AB37 /* облачностьGif.gif */; };
		110CC34E2AF63D810062AB37 /* Localizable.strings in Resources */ = {isa = PBXBuildFile; fileRef = 110CC3502AF63D810062AB37 /* Localizable.strings */; };
		110CC3522AF63DB10062AB37 /* LocalizedStrings.swift in Sources */ = {isa = PBXBuildFile; fileRef = 110CC3512AF63DB10062AB37 /* LocalizedStrings.swift */; };
		110CC3542AF647BC0062AB37 /* ImageResources.swift in Sources */ = {isa = PBXBuildFile; fileRef = 110CC3532AF647BC0062AB37 /* ImageResources.swift */; };
		1198AC4B2AEFA413000F2144 /* AppDelegate.swift in Sources */ = {isa = PBXBuildFile; fileRef = 1198AC4A2AEFA413000F2144 /* AppDelegate.swift */; };
		1198AC4D2AEFA413000F2144 /* SceneDelegate.swift in Sources */ = {isa = PBXBuildFile; fileRef = 1198AC4C2AEFA413000F2144 /* SceneDelegate.swift */; };
		1198AC4F2AEFA413000F2144 /* ViewController.swift in Sources */ = {isa = PBXBuildFile; fileRef = 1198AC4E2AEFA413000F2144 /* ViewController.swift */; };
		1198AC522AEFA413000F2144 /* Main.storyboard in Resources */ = {isa = PBXBuildFile; fileRef = 1198AC502AEFA413000F2144 /* Main.storyboard */; };
		1198AC552AEFA413000F2144 /* myWeatherApp.xcdatamodeld in Sources */ = {isa = PBXBuildFile; fileRef = 1198AC532AEFA413000F2144 /* myWeatherApp.xcdatamodeld */; };
		1198AC572AEFA413000F2144 /* Assets.xcassets in Resources */ = {isa = PBXBuildFile; fileRef = 1198AC562AEFA413000F2144 /* Assets.xcassets */; };
		1198AC5A2AEFA413000F2144 /* LaunchScreen.storyboard in Resources */ = {isa = PBXBuildFile; fileRef = 1198AC582AEFA413000F2144 /* LaunchScreen.storyboard */; };
		11C056AC2AF8E413001204DE /* tableViewCellPrototype.swift in Sources */ = {isa = PBXBuildFile; fileRef = 11C056AB2AF8E413001204DE /* tableViewCellPrototype.swift */; };
		AC5FFADF2D6621418841201B /* Pods_myWeatherApp.framework in Frameworks */ = {isa = PBXBuildFile; fileRef = C43ED575ADD8D5AA915C4CEE /* Pods_myWeatherApp.framework */; };
/* End PBXBuildFile section */

/* Begin PBXFileReference section */
		110CC3442AF3C0630062AB37 /* PostCellCollectionViewCell.swift */ = {isa = PBXFileReference; lastKnownFileType = sourcecode.swift; path = PostCellCollectionViewCell.swift; sourceTree = "<group>"; };
		110CC3462AF50BF50062AB37 /* gifDescribe.swift */ = {isa = PBXFileReference; lastKnownFileType = sourcecode.swift; path = gifDescribe.swift; sourceTree = "<group>"; };
		110CC3482AF50EA30062AB37 /* backgroundGif.gif */ = {isa = PBXFileReference; lastKnownFileType = image.gif; path = backgroundGif.gif; sourceTree = "<group>"; };
		110CC34A2AF5154A0062AB37 /* облачностьGif.gif */ = {isa = PBXFileReference; lastKnownFileType = image.gif; path = "облачностьGif.gif"; sourceTree = "<group>"; };
		110CC34F2AF63D810062AB37 /* en */ = {isa = PBXFileReference; lastKnownFileType = text.plist.strings; name = en; path = en.lproj/Localizable.strings; sourceTree = "<group>"; };
		110CC3512AF63DB10062AB37 /* LocalizedStrings.swift */ = {isa = PBXFileReference; lastKnownFileType = sourcecode.swift; path = LocalizedStrings.swift; sourceTree = "<group>"; };
		110CC3532AF647BC0062AB37 /* ImageResources.swift */ = {isa = PBXFileReference; lastKnownFileType = sourcecode.swift; path = ImageResources.swift; sourceTree = "<group>"; };
		1198AC472AEFA413000F2144 /* myWeatherApp.app */ = {isa = PBXFileReference; explicitFileType = wrapper.application; includeInIndex = 0; path = myWeatherApp.app; sourceTree = BUILT_PRODUCTS_DIR; };
		1198AC4A2AEFA413000F2144 /* AppDelegate.swift */ = {isa = PBXFileReference; lastKnownFileType = sourcecode.swift; path = AppDelegate.swift; sourceTree = "<group>"; };
		1198AC4C2AEFA413000F2144 /* SceneDelegate.swift */ = {isa = PBXFileReference; lastKnownFileType = sourcecode.swift; path = SceneDelegate.swift; sourceTree = "<group>"; };
		1198AC4E2AEFA413000F2144 /* ViewController.swift */ = {isa = PBXFileReference; lastKnownFileType = sourcecode.swift; path = ViewController.swift; sourceTree = "<group>"; };
		1198AC512AEFA413000F2144 /* Base */ = {isa = PBXFileReference; lastKnownFileType = file.storyboard; name = Base; path = Base.lproj/Main.storyboard; sourceTree = "<group>"; };
		1198AC542AEFA413000F2144 /* myWeatherApp.xcdatamodel */ = {isa = PBXFileReference; lastKnownFileType = wrapper.xcdatamodel; path = myWeatherApp.xcdatamodel; sourceTree = "<group>"; };
		1198AC562AEFA413000F2144 /* Assets.xcassets */ = {isa = PBXFileReference; lastKnownFileType = folder.assetcatalog; path = Assets.xcassets; sourceTree = "<group>"; };
		1198AC592AEFA413000F2144 /* Base */ = {isa = PBXFileReference; lastKnownFileType = file.storyboard; name = Base; path = Base.lproj/LaunchScreen.storyboard; sourceTree = "<group>"; };
		1198AC5B2AEFA413000F2144 /* Info.plist */ = {isa = PBXFileReference; lastKnownFileType = text.plist.xml; path = Info.plist; sourceTree = "<group>"; };
		11C056AB2AF8E413001204DE /* tableViewCellPrototype.swift */ = {isa = PBXFileReference; lastKnownFileType = sourcecode.swift; path = tableViewCellPrototype.swift; sourceTree = "<group>"; };
		80201F1B80158A583DF05399 /* Pods-myWeatherApp.debug.xcconfig */ = {isa = PBXFileReference; includeInIndex = 1; lastKnownFileType = text.xcconfig; name = "Pods-myWeatherApp.debug.xcconfig"; path = "Target Support Files/Pods-myWeatherApp/Pods-myWeatherApp.debug.xcconfig"; sourceTree = "<group>"; };
		C43ED575ADD8D5AA915C4CEE /* Pods_myWeatherApp.framework */ = {isa = PBXFileReference; explicitFileType = wrapper.framework; includeInIndex = 0; path = Pods_myWeatherApp.framework; sourceTree = BUILT_PRODUCTS_DIR; };
		E4F9F05563273938BB1990BA /* Pods-myWeatherApp.release.xcconfig */ = {isa = PBXFileReference; includeInIndex = 1; lastKnownFileType = text.xcconfig; name = "Pods-myWeatherApp.release.xcconfig"; path = "Target Support Files/Pods-myWeatherApp/Pods-myWeatherApp.release.xcconfig"; sourceTree = "<group>"; };
/* End PBXFileReference section */

/* Begin PBXFrameworksBuildPhase section */
		1198AC442AEFA413000F2144 /* Frameworks */ = {
			isa = PBXFrameworksBuildPhase;
			buildActionMask = 2147483647;
			files = (
				AC5FFADF2D6621418841201B /* Pods_myWeatherApp.framework in Frameworks */,
			);
			runOnlyForDeploymentPostprocessing = 0;
		};
/* End PBXFrameworksBuildPhase section */

/* Begin PBXGroup section */
		1198AC3E2AEFA412000F2144 = {
			isa = PBXGroup;
			children = (
				1198AC492AEFA413000F2144 /* myWeatherApp */,
				1198AC482AEFA413000F2144 /* Products */,
				5C141E79B0DF3EDAA8493467 /* Pods */,
				198317E98B53349D70DDC5DA /* Frameworks */,
			);
			sourceTree = "<group>";
		};
		1198AC482AEFA413000F2144 /* Products */ = {
			isa = PBXGroup;
			children = (
				1198AC472AEFA413000F2144 /* myWeatherApp.app */,
			);
			name = Products;
			sourceTree = "<group>";
		};
		1198AC492AEFA413000F2144 /* myWeatherApp */ = {
			isa = PBXGroup;
			children = (
				1198AC4A2AEFA413000F2144 /* AppDelegate.swift */,
				1198AC4C2AEFA413000F2144 /* SceneDelegate.swift */,
				1198AC4E2AEFA413000F2144 /* ViewController.swift */,
				110CC3442AF3C0630062AB37 /* PostCellCollectionViewCell.swift */,
				110CC3462AF50BF50062AB37 /* gifDescribe.swift */,
				11C056AB2AF8E413001204DE /* tableViewCellPrototype.swift */,
				110CC3512AF63DB10062AB37 /* LocalizedStrings.swift */,
				110CC3532AF647BC0062AB37 /* ImageResources.swift */,
				1198AC502AEFA413000F2144 /* Main.storyboard */,
				1198AC562AEFA413000F2144 /* Assets.xcassets */,
				110CC3482AF50EA30062AB37 /* backgroundGif.gif */,
				110CC34A2AF5154A0062AB37 /* облачностьGif.gif */,
				1198AC582AEFA413000F2144 /* LaunchScreen.storyboard */,
				1198AC5B2AEFA413000F2144 /* Info.plist */,
				1198AC532AEFA413000F2144 /* myWeatherApp.xcdatamodeld */,
				110CC3502AF63D810062AB37 /* Localizable.strings */,
			);
			path = myWeatherApp;
			sourceTree = "<group>";
		};
		198317E98B53349D70DDC5DA /* Frameworks */ = {
			isa = PBXGroup;
			children = (
				C43ED575ADD8D5AA915C4CEE /* Pods_myWeatherApp.framework */,
			);
			name = Frameworks;
			sourceTree = "<group>";
		};
		5C141E79B0DF3EDAA8493467 /* Pods */ = {
			isa = PBXGroup;
			children = (
				80201F1B80158A583DF05399 /* Pods-myWeatherApp.debug.xcconfig */,
				E4F9F05563273938BB1990BA /* Pods-myWeatherApp.release.xcconfig */,
			);
			path = Pods;
			sourceTree = "<group>";
		};
/* End PBXGroup section */

/* Begin PBXNativeTarget section */
		1198AC462AEFA413000F2144 /* myWeatherApp */ = {
			isa = PBXNativeTarget;
			buildConfigurationList = 1198AC5E2AEFA413000F2144 /* Build configuration list for PBXNativeTarget "myWeatherApp" */;
			buildPhases = (
				7CDD8E3BC32593B7E2D1B1A5 /* [CP] Check Pods Manifest.lock */,
				1198AC432AEFA413000F2144 /* Sources */,
				1198AC442AEFA413000F2144 /* Frameworks */,
				1198AC452AEFA413000F2144 /* Resources */,
				88D3C42818C10814F234DB39 /* [CP] Embed Pods Frameworks */,
			);
			buildRules = (
			);
			dependencies = (
			);
			name = myWeatherApp;
			productName = myWeatherApp;
			productReference = 1198AC472AEFA413000F2144 /* myWeatherApp.app */;
			productType = "com.apple.product-type.application";
		};
/* End PBXNativeTarget section */

/* Begin PBXProject section */
		1198AC3F2AEFA412000F2144 /* Project object */ = {
			isa = PBXProject;
			attributes = {
				BuildIndependentTargetsInParallel = 1;
				LastSwiftUpdateCheck = 1420;
				LastUpgradeCheck = 1420;
				TargetAttributes = {
					1198AC462AEFA413000F2144 = {
						CreatedOnToolsVersion = 14.2;
					};
				};
			};
			buildConfigurationList = 1198AC422AEFA412000F2144 /* Build configuration list for PBXProject "myWeatherApp" */;
			compatibilityVersion = "Xcode 14.0";
			developmentRegion = en;
			hasScannedForEncodings = 0;
			knownRegions = (
				en,
				Base,
			);
			mainGroup = 1198AC3E2AEFA412000F2144;
			productRefGroup = 1198AC482AEFA413000F2144 /* Products */;
			projectDirPath = "";
			projectRoot = "";
			targets = (
				1198AC462AEFA413000F2144 /* myWeatherApp */,
			);
		};
/* End PBXProject section */

/* Begin PBXResourcesBuildPhase section */
		1198AC452AEFA413000F2144 /* Resources */ = {
			isa = PBXResourcesBuildPhase;
			buildActionMask = 2147483647;
			files = (
				1198AC5A2AEFA413000F2144 /* LaunchScreen.storyboard in Resources */,
				110CC34E2AF63D810062AB37 /* Localizable.strings in Resources */,
				1198AC572AEFA413000F2144 /* Assets.xcassets in Resources */,
				110CC34B2AF5154A0062AB37 /* облачностьGif.gif in Resources */,
				1198AC522AEFA413000F2144 /* Main.storyboard in Resources */,
				110CC3492AF50EA30062AB37 /* backgroundGif.gif in Resources */,
			);
			runOnlyForDeploymentPostprocessing = 0;
		};
/* End PBXResourcesBuildPhase section */

/* Begin PBXShellScriptBuildPhase section */
		7CDD8E3BC32593B7E2D1B1A5 /* [CP] Check Pods Manifest.lock */ = {
			isa = PBXShellScriptBuildPhase;
			buildActionMask = 2147483647;
			files = (
			);
			inputFileListPaths = (
			);
			inputPaths = (
				"${PODS_PODFILE_DIR_PATH}/Podfile.lock",
				"${PODS_ROOT}/Manifest.lock",
			);
			name = "[CP] Check Pods Manifest.lock";
			outputFileListPaths = (
			);
			outputPaths = (
				"$(DERIVED_FILE_DIR)/Pods-myWeatherApp-checkManifestLockResult.txt",
			);
			runOnlyForDeploymentPostprocessing = 0;
			shellPath = /bin/sh;
			shellScript = "diff \"${PODS_PODFILE_DIR_PATH}/Podfile.lock\" \"${PODS_ROOT}/Manifest.lock\" > /dev/null\nif [ $? != 0 ] ; then\n    # print error to STDERR\n    echo \"error: The sandbox is not in sync with the Podfile.lock. Run 'pod install' or update your CocoaPods installation.\" >&2\n    exit 1\nfi\n# This output is used by Xcode 'outputs' to avoid re-running this script phase.\necho \"SUCCESS\" > \"${SCRIPT_OUTPUT_FILE_0}\"\n";
			showEnvVarsInLog = 0;
		};
		88D3C42818C10814F234DB39 /* [CP] Embed Pods Frameworks */ = {
			isa = PBXShellScriptBuildPhase;
			buildActionMask = 2147483647;
			files = (
			);
			inputFileListPaths = (
				"${PODS_ROOT}/Target Support Files/Pods-myWeatherApp/Pods-myWeatherApp-frameworks-${CONFIGURATION}-input-files.xcfilelist",
			);
			name = "[CP] Embed Pods Frameworks";
			outputFileListPaths = (
				"${PODS_ROOT}/Target Support Files/Pods-myWeatherApp/Pods-myWeatherApp-frameworks-${CONFIGURATION}-output-files.xcfilelist",
			);
			runOnlyForDeploymentPostprocessing = 0;
			shellPath = /bin/sh;
			shellScript = "\"${PODS_ROOT}/Target Support Files/Pods-myWeatherApp/Pods-myWeatherApp-frameworks.sh\"\n";
			showEnvVarsInLog = 0;
		};
/* End PBXShellScriptBuildPhase section */

/* Begin PBXSourcesBuildPhase section */
		1198AC432AEFA413000F2144 /* Sources */ = {
			isa = PBXSourcesBuildPhase;
			buildActionMask = 2147483647;
			files = (
				1198AC552AEFA413000F2144 /* myWeatherApp.xcdatamodeld in Sources */,
				1198AC4F2AEFA413000F2144 /* ViewController.swift in Sources */,
				110CC3452AF3C0630062AB37 /* PostCellCollectionViewCell.swift in Sources */,
				110CC3472AF50BF50062AB37 /* gifDescribe.swift in Sources */,
				110CC3522AF63DB10062AB37 /* LocalizedStrings.swift in Sources */,
				110CC3542AF647BC0062AB37 /* ImageResources.swift in Sources */,
				11C056AC2AF8E413001204DE /* tableViewCellPrototype.swift in Sources */,
				1198AC4B2AEFA413000F2144 /* AppDelegate.swift in Sources */,
				1198AC4D2AEFA413000F2144 /* SceneDelegate.swift in Sources */,
			);
			runOnlyForDeploymentPostprocessing = 0;
		};
/* End PBXSourcesBuildPhase section */

/* Begin PBXVariantGroup section */
		110CC3502AF63D810062AB37 /* Localizable.strings */ = {
			isa = PBXVariantGroup;
			children = (
				110CC34F2AF63D810062AB37 /* en */,
			);
			name = Localizable.strings;
			sourceTree = "<group>";
		};
		1198AC502AEFA413000F2144 /* Main.storyboard */ = {
			isa = PBXVariantGroup;
			children = (
				1198AC512AEFA413000F2144 /* Base */,
			);
			name = Main.storyboard;
			sourceTree = "<group>";
		};
		1198AC582AEFA413000F2144 /* LaunchScreen.storyboard */ = {
			isa = PBXVariantGroup;
			children = (
				1198AC592AEFA413000F2144 /* Base */,
			);
			name = LaunchScreen.storyboard;
			sourceTree = "<group>";
		};
/* End PBXVariantGroup section */

/* Begin XCBuildConfiguration section */
		1198AC5C2AEFA413000F2144 /* Debug */ = {
			isa = XCBuildConfiguration;
			buildSettings = {
				ALWAYS_SEARCH_USER_PATHS = NO;
				CLANG_ANALYZER_NONNULL = YES;
				CLANG_ANALYZER_NUMBER_OBJECT_CONVERSION = YES_AGGRESSIVE;
				CLANG_CXX_LANGUAGE_STANDARD = "gnu++20";
				CLANG_ENABLE_MODULES = YES;
				CLANG_ENABLE_OBJC_ARC = YES;
				CLANG_ENABLE_OBJC_WEAK = YES;
				CLANG_WARN_BLOCK_CAPTURE_AUTORELEASING = YES;
				CLANG_WARN_BOOL_CONVERSION = YES;
				CLANG_WARN_COMMA = YES;
				CLANG_WARN_CONSTANT_CONVERSION = YES;
				CLANG_WARN_DEPRECATED_OBJC_IMPLEMENTATIONS = YES;
				CLANG_WARN_DIRECT_OBJC_ISA_USAGE = YES_ERROR;
				CLANG_WARN_DOCUMENTATION_COMMENTS = YES;
				CLANG_WARN_EMPTY_BODY = YES;
				CLANG_WARN_ENUM_CONVERSION = YES;
				CLANG_WARN_INFINITE_RECURSION = YES;
				CLANG_WARN_INT_CONVERSION = YES;
				CLANG_WARN_NON_LITERAL_NULL_CONVERSION = YES;
				CLANG_WARN_OBJC_IMPLICIT_RETAIN_SELF = YES;
				CLANG_WARN_OBJC_LITERAL_CONVERSION = YES;
				CLANG_WARN_OBJC_ROOT_CLASS = YES_ERROR;
				CLANG_WARN_QUOTED_INCLUDE_IN_FRAMEWORK_HEADER = YES;
				CLANG_WARN_RANGE_LOOP_ANALYSIS = YES;
				CLANG_WARN_STRICT_PROTOTYPES = YES;
				CLANG_WARN_SUSPICIOUS_MOVE = YES;
				CLANG_WARN_UNGUARDED_AVAILABILITY = YES_AGGRESSIVE;
				CLANG_WARN_UNREACHABLE_CODE = YES;
				CLANG_WARN__DUPLICATE_METHOD_MATCH = YES;
				COPY_PHASE_STRIP = NO;
				DEBUG_INFORMATION_FORMAT = dwarf;
				ENABLE_STRICT_OBJC_MSGSEND = YES;
				ENABLE_TESTABILITY = YES;
				GCC_C_LANGUAGE_STANDARD = gnu11;
				GCC_DYNAMIC_NO_PIC = NO;
				GCC_NO_COMMON_BLOCKS = YES;
				GCC_OPTIMIZATION_LEVEL = 0;
				GCC_PREPROCESSOR_DEFINITIONS = (
					"DEBUG=1",
					"$(inherited)",
				);
				GCC_WARN_64_TO_32_BIT_CONVERSION = YES;
				GCC_WARN_ABOUT_RETURN_TYPE = YES_ERROR;
				GCC_WARN_UNDECLARED_SELECTOR = YES;
				GCC_WARN_UNINITIALIZED_AUTOS = YES_AGGRESSIVE;
				GCC_WARN_UNUSED_FUNCTION = YES;
				GCC_WARN_UNUSED_VARIABLE = YES;
				IPHONEOS_DEPLOYMENT_TARGET = 16.2;
				MTL_ENABLE_DEBUG_INFO = INCLUDE_SOURCE;
				MTL_FAST_MATH = YES;
				ONLY_ACTIVE_ARCH = YES;
				SDKROOT = iphoneos;
				SWIFT_ACTIVE_COMPILATION_CONDITIONS = DEBUG;
				SWIFT_OPTIMIZATION_LEVEL = "-Onone";
			};
			name = Debug;
		};
		1198AC5D2AEFA413000F2144 /* Release */ = {
			isa = XCBuildConfiguration;
			buildSettings = {
				ALWAYS_SEARCH_USER_PATHS = NO;
				CLANG_ANALYZER_NONNULL = YES;
				CLANG_ANALYZER_NUMBER_OBJECT_CONVERSION = YES_AGGRESSIVE;
				CLANG_CXX_LANGUAGE_STANDARD = "gnu++20";
				CLANG_ENABLE_MODULES = YES;
				CLANG_ENABLE_OBJC_ARC = YES;
				CLANG_ENABLE_OBJC_WEAK = YES;
				CLANG_WARN_BLOCK_CAPTURE_AUTORELEASING = YES;
				CLANG_WARN_BOOL_CONVERSION = YES;
				CLANG_WARN_COMMA = YES;
				CLANG_WARN_CONSTANT_CONVERSION = YES;
				CLANG_WARN_DEPRECATED_OBJC_IMPLEMENTATIONS = YES;
				CLANG_WARN_DIRECT_OBJC_ISA_USAGE = YES_ERROR;
				CLANG_WARN_DOCUMENTATION_COMMENTS = YES;
				CLANG_WARN_EMPTY_BODY = YES;
				CLANG_WARN_ENUM_CONVERSION = YES;
				CLANG_WARN_INFINITE_RECURSION = YES;
				CLANG_WARN_INT_CONVERSION = YES;
				CLANG_WARN_NON_LITERAL_NULL_CONVERSION = YES;
				CLANG_WARN_OBJC_IMPLICIT_RETAIN_SELF = YES;
				CLANG_WARN_OBJC_LITERAL_CONVERSION = YES;
				CLANG_WARN_OBJC_ROOT_CLASS = YES_ERROR;
				CLANG_WARN_QUOTED_INCLUDE_IN_FRAMEWORK_HEADER = YES;
				CLANG_WARN_RANGE_LOOP_ANALYSIS = YES;
				CLANG_WARN_STRICT_PROTOTYPES = YES;
				CLANG_WARN_SUSPICIOUS_MOVE = YES;
				CLANG_WARN_UNGUARDED_AVAILABILITY = YES_AGGRESSIVE;
				CLANG_WARN_UNREACHABLE_CODE = YES;
				CLANG_WARN__DUPLICATE_METHOD_MATCH = YES;
				COPY_PHASE_STRIP = NO;
				DEBUG_INFORMATION_FORMAT = "dwarf-with-dsym";
				ENABLE_NS_ASSERTIONS = NO;
				ENABLE_STRICT_OBJC_MSGSEND = YES;
				GCC_C_LANGUAGE_STANDARD = gnu11;
				GCC_NO_COMMON_BLOCKS = YES;
				GCC_WARN_64_TO_32_BIT_CONVERSION = YES;
				GCC_WARN_ABOUT_RETURN_TYPE = YES_ERROR;
				GCC_WARN_UNDECLARED_SELECTOR = YES;
				GCC_WARN_UNINITIALIZED_AUTOS = YES_AGGRESSIVE;
				GCC_WARN_UNUSED_FUNCTION = YES;
				GCC_WARN_UNUSED_VARIABLE = YES;
				IPHONEOS_DEPLOYMENT_TARGET = 16.2;
				MTL_ENABLE_DEBUG_INFO = NO;
				MTL_FAST_MATH = YES;
				SDKROOT = iphoneos;
				SWIFT_COMPILATION_MODE = wholemodule;
				SWIFT_OPTIMIZATION_LEVEL = "-O";
				VALIDATE_PRODUCT = YES;
			};
			name = Release;
		};
		1198AC5F2AEFA413000F2144 /* Debug */ = {
			isa = XCBuildConfiguration;
			baseConfigurationReference = 80201F1B80158A583DF05399 /* Pods-myWeatherApp.debug.xcconfig */;
			buildSettings = {
				ASSETCATALOG_COMPILER_APPICON_NAME = AppIcon;
				ASSETCATALOG_COMPILER_GLOBAL_ACCENT_COLOR_NAME = AccentColor;
				CODE_SIGN_STYLE = Automatic;
				CURRENT_PROJECT_VERSION = 1;
				DEVELOPMENT_TEAM = TA66ZBP42J;
				GENERATE_INFOPLIST_FILE = YES;
				INFOPLIST_FILE = myWeatherApp/Info.plist;
				INFOPLIST_KEY_UIApplicationSupportsIndirectInputEvents = YES;
				INFOPLIST_KEY_UILaunchStoryboardName = LaunchScreen;
				INFOPLIST_KEY_UIMainStoryboardFile = Main;
				INFOPLIST_KEY_UISupportedInterfaceOrientations_iPad = "UIInterfaceOrientationPortrait UIInterfaceOrientationPortraitUpsideDown UIInterfaceOrientationLandscapeLeft UIInterfaceOrientationLandscapeRight";
				INFOPLIST_KEY_UISupportedInterfaceOrientations_iPhone = "UIInterfaceOrientationPortrait UIInterfaceOrientationLandscapeLeft UIInterfaceOrientationLandscapeRight";
				IPHONEOS_DEPLOYMENT_TARGET = 16.2;
				LD_RUNPATH_SEARCH_PATHS = (
					"$(inherited)",
					"@executable_path/Frameworks",
				);
				MARKETING_VERSION = 1.0;
				PRODUCT_BUNDLE_IDENTIFIER = com.vyacheslav.myWeatherApp;
				PRODUCT_NAME = "$(TARGET_NAME)";
				SWIFT_EMIT_LOC_STRINGS = YES;
				SWIFT_VERSION = 5.0;
				TARGETED_DEVICE_FAMILY = "1,2";
			};
			name = Debug;
		};
		1198AC602AEFA413000F2144 /* Release */ = {
			isa = XCBuildConfiguration;
			baseConfigurationReference = E4F9F05563273938BB1990BA /* Pods-myWeatherApp.release.xcconfig */;
			buildSettings = {
				ASSETCATALOG_COMPILER_APPICON_NAME = AppIcon;
				ASSETCATALOG_COMPILER_GLOBAL_ACCENT_COLOR_NAME = AccentColor;
				CODE_SIGN_STYLE = Automatic;
				CURRENT_PROJECT_VERSION = 1;
				DEVELOPMENT_TEAM = TA66ZBP42J;
				GENERATE_INFOPLIST_FILE = YES;
				INFOPLIST_FILE = myWeatherApp/Info.plist;
				INFOPLIST_KEY_UIApplicationSupportsIndirectInputEvents = YES;
				INFOPLIST_KEY_UILaunchStoryboardName = LaunchScreen;
				INFOPLIST_KEY_UIMainStoryboardFile = Main;
				INFOPLIST_KEY_UISupportedInterfaceOrientations_iPad = "UIInterfaceOrientationPortrait UIInterfaceOrientationPortraitUpsideDown UIInterfaceOrientationLandscapeLeft UIInterfaceOrientationLandscapeRight";
				INFOPLIST_KEY_UISupportedInterfaceOrientations_iPhone = "UIInterfaceOrientationPortrait UIInterfaceOrientationLandscapeLeft UIInterfaceOrientationLandscapeRight";
				IPHONEOS_DEPLOYMENT_TARGET = 16.2;
				LD_RUNPATH_SEARCH_PATHS = (
					"$(inherited)",
					"@executable_path/Frameworks",
				);
				MARKETING_VERSION = 1.0;
				PRODUCT_BUNDLE_IDENTIFIER = com.vyacheslav.myWeatherApp;
				PRODUCT_NAME = "$(TARGET_NAME)";
				SWIFT_EMIT_LOC_STRINGS = YES;
				SWIFT_VERSION = 5.0;
				TARGETED_DEVICE_FAMILY = "1,2";
			};
			name = Release;
		};
/* End XCBuildConfiguration section */

/* Begin XCConfigurationList section */
		1198AC422AEFA412000F2144 /* Build configuration list for PBXProject "myWeatherApp" */ = {
			isa = XCConfigurationList;
			buildConfigurations = (
				1198AC5C2AEFA413000F2144 /* Debug */,
				1198AC5D2AEFA413000F2144 /* Release */,
			);
			defaultConfigurationIsVisible = 0;
			defaultConfigurationName = Release;
		};
		1198AC5E2AEFA413000F2144 /* Build configuration list for PBXNativeTarget "myWeatherApp" */ = {
			isa = XCConfigurationList;
			buildConfigurations = (
				1198AC5F2AEFA413000F2144 /* Debug */,
				1198AC602AEFA413000F2144 /* Release */,
			);
			defaultConfigurationIsVisible = 0;
			defaultConfigurationName = Release;
		};
/* End XCConfigurationList section */

/* Begin XCVersionGroup section */
		1198AC532AEFA413000F2144 /* myWeatherApp.xcdatamodeld */ = {
			isa = XCVersionGroup;
			children = (
				1198AC542AEFA413000F2144 /* myWeatherApp.xcdatamodel */,
			);
			currentVersion = 1198AC542AEFA413000F2144 /* myWeatherApp.xcdatamodel */;
			path = myWeatherApp.xcdatamodeld;
			sourceTree = "<group>";
			versionGroupType = wrapper.xcdatamodel;
		};
/* End XCVersionGroup section */
	};
	rootObject = 1198AC3F2AEFA412000F2144 /* Project object */;
}
